
Microsoft Visual Studio Solution File, Format Version 12.00
# Visual Studio Version 17
VisualStudioVersion = 17.0.31903.59
MinimumVisualStudioVersion = 10.0.40219.1
Project("{2150E333-8FDC-42A3-9474-1A3956D46DE8}") = "src", "src", "{827E0CD3-B72D-47B6-A68D-7590B98EB39B}"
EndProject
Project("{FAE04EC0-301F-11D3-BF4B-00C04F79EFBC}") = "FriendShare.Api", "src\FriendShare.Api\FriendShare.Api.csproj", "{402DE788-017D-4332-AA98-F74B8D6ED615}"
EndProject
Project("{FAE04EC0-301F-11D3-BF4B-00C04F79EFBC}") = "FriendShare.Web", "src\FriendShare.Web\FriendShare.Web.csproj", "{B224DF18-67AD-40F6-B37E-753D88D9D0EC}"
EndProject
Project("{FAE04EC0-301F-11D3-BF4B-00C04F79EFBC}") = "FriendShare.Core", "src\FriendShare.Core\FriendShare.Core.csproj", "{41CD305E-675C-4542-A7C1-C2CA30064D34}"
EndProject
Project("{FAE04EC0-301F-11D3-BF4B-00C04F79EFBC}") = "FriendShare.Application", "src\FriendShare.Application\FriendShare.Application.csproj", "{8E8396DB-9532-4179-991B-B1309E0B0F1E}"
EndProject
Project("{FAE04EC0-301F-11D3-BF4B-00C04F79EFBC}") = "FriendShare.Infrastructure", "src\FriendShare.Infrastructure\FriendShare.Infrastructure.csproj", "{27707227-D034-416E-A875-E3A5A156C25E}"
EndProject
Project("{2150E333-8FDC-42A3-9474-1A3956D46DE8}") = "tests", "tests", "{0AB3BF05-4346-4AA6-1389-037BE0695223}"
EndProject
Project("{FAE04EC0-301F-11D3-BF4B-00C04F79EFBC}") = "FriendShare.UnitTests", "tests\FriendShare.UnitTests\FriendShare.UnitTests.csproj", "{CBED56E8-8C2B-42A2-93B8-6D2E1C9ABA52}"
EndProject
Project("{FAE04EC0-301F-11D3-BF4B-00C04F79EFBC}") = "FriendShare.IntegrationTests", "tests\FriendShare.IntegrationTests\FriendShare.IntegrationTests.csproj", "{E902499F-2BCD-473E-8FC1-1EAD412AEFFF}"
EndProject
Global
	GlobalSection(SolutionConfigurationPlatforms) = preSolution
		Debug|Any CPU = Debug|Any CPU
		Debug|x64 = Debug|x64
		Debug|x86 = Debug|x86
		Release|Any CPU = Release|Any CPU
		Release|x64 = Release|x64
		Release|x86 = Release|x86
	EndGlobalSection
	GlobalSection(ProjectConfigurationPlatforms) = postSolution
		{402DE788-017D-4332-AA98-F74B8D6ED615}.Debug|Any CPU.ActiveCfg = Debug|Any CPU
		{402DE788-017D-4332-AA98-F74B8D6ED615}.Debug|Any CPU.Build.0 = Debug|Any CPU
		{402DE788-017D-4332-AA98-F74B8D6ED615}.Debug|x64.ActiveCfg = Debug|Any CPU
		{402DE788-017D-4332-AA98-F74B8D6ED615}.Debug|x64.Build.0 = Debug|Any CPU
		{402DE788-017D-4332-AA98-F74B8D6ED615}.Debug|x86.ActiveCfg = Debug|Any CPU
		{402DE788-017D-4332-AA98-F74B8D6ED615}.Debug|x86.Build.0 = Debug|Any CPU
		{402DE788-017D-4332-AA98-F74B8D6ED615}.Release|Any CPU.ActiveCfg = Release|Any CPU
		{402DE788-017D-4332-AA98-F74B8D6ED615}.Release|Any CPU.Build.0 = Release|Any CPU
		{402DE788-017D-4332-AA98-F74B8D6ED615}.Release|x64.ActiveCfg = Release|Any CPU
		{402DE788-017D-4332-AA98-F74B8D6ED615}.Release|x64.Build.0 = Release|Any CPU
		{402DE788-017D-4332-AA98-F74B8D6ED615}.Release|x86.ActiveCfg = Release|Any CPU
		{402DE788-017D-4332-AA98-F74B8D6ED615}.Release|x86.Build.0 = Release|Any CPU
		{B224DF18-67AD-40F6-B37E-753D88D9D0EC}.Debug|Any CPU.ActiveCfg = Debug|Any CPU
		{B224DF18-67AD-40F6-B37E-753D88D9D0EC}.Debug|Any CPU.Build.0 = Debug|Any CPU
		{B224DF18-67AD-40F6-B37E-753D88D9D0EC}.Debug|x64.ActiveCfg = Debug|Any CPU
		{B224DF18-67AD-40F6-B37E-753D88D9D0EC}.Debug|x64.Build.0 = Debug|Any CPU
		{B224DF18-67AD-40F6-B37E-753D88D9D0EC}.Debug|x86.ActiveCfg = Debug|Any CPU
		{B224DF18-67AD-40F6-B37E-753D88D9D0EC}.Debug|x86.Build.0 = Debug|Any CPU
		{B224DF18-67AD-40F6-B37E-753D88D9D0EC}.Release|Any CPU.ActiveCfg = Release|Any CPU
		{B224DF18-67AD-40F6-B37E-753D88D9D0EC}.Release|Any CPU.Build.0 = Release|Any CPU
		{B224DF18-67AD-40F6-B37E-753D88D9D0EC}.Release|x64.ActiveCfg = Release|Any CPU
		{B224DF18-67AD-40F6-B37E-753D88D9D0EC}.Release|x64.Build.0 = Release|Any CPU
		{B224DF18-67AD-40F6-B37E-753D88D9D0EC}.Release|x86.ActiveCfg = Release|Any CPU
		{B224DF18-67AD-40F6-B37E-753D88D9D0EC}.Release|x86.Build.0 = Release|Any CPU
		{41CD305E-675C-4542-A7C1-C2CA30064D34}.Debug|Any CPU.ActiveCfg = Debug|Any CPU
		{41CD305E-675C-4542-A7C1-C2CA30064D34}.Debug|Any CPU.Build.0 = Debug|Any CPU
		{41CD305E-675C-4542-A7C1-C2CA30064D34}.Debug|x64.ActiveCfg = Debug|Any CPU
		{41CD305E-675C-4542-A7C1-C2CA30064D34}.Debug|x64.Build.0 = Debug|Any CPU
		{41CD305E-675C-4542-A7C1-C2CA30064D34}.Debug|x86.ActiveCfg = Debug|Any CPU
		{41CD305E-675C-4542-A7C1-C2CA30064D34}.Debug|x86.Build.0 = Debug|Any CPU
		{41CD305E-675C-4542-A7C1-C2CA30064D34}.Release|Any CPU.ActiveCfg = Release|Any CPU
		{41CD305E-675C-4542-A7C1-C2CA30064D34}.Release|Any CPU.Build.0 = Release|Any CPU
		{41CD305E-675C-4542-A7C1-C2CA30064D34}.Release|x64.ActiveCfg = Release|Any CPU
		{41CD305E-675C-4542-A7C1-C2CA30064D34}.Release|x64.Build.0 = Release|Any CPU
		{41CD305E-675C-4542-A7C1-C2CA30064D34}.Release|x86.ActiveCfg = Release|Any CPU
		{41CD305E-675C-4542-A7C1-C2CA30064D34}.Release|x86.Build.0 = Release|Any CPU
		{8E8396DB-9532-4179-991B-B1309E0B0F1E}.Debug|Any CPU.ActiveCfg = Debug|Any CPU
		{8E8396DB-9532-4179-991B-B1309E0B0F1E}.Debug|Any CPU.Build.0 = Debug|Any CPU
		{8E8396DB-9532-4179-991B-B1309E0B0F1E}.Debug|x64.ActiveCfg = Debug|Any CPU
		{8E8396DB-9532-4179-991B-B1309E0B0F1E}.Debug|x64.Build.0 = Debug|Any CPU
		{8E8396DB-9532-4179-991B-B1309E0B0F1E}.Debug|x86.ActiveCfg = Debug|Any CPU
		{8E8396DB-9532-4179-991B-B1309E0B0F1E}.Debug|x86.Build.0 = Debug|Any CPU
		{8E8396DB-9532-4179-991B-B1309E0B0F1E}.Release|Any CPU.ActiveCfg = Release|Any CPU
		{8E8396DB-9532-4179-991B-B1309E0B0F1E}.Release|Any CPU.Build.0 = Release|Any CPU
		{8E8396DB-9532-4179-991B-B1309E0B0F1E}.Release|x64.ActiveCfg = Release|Any CPU
		{8E8396DB-9532-4179-991B-B1309E0B0F1E}.Release|x64.Build.0 = Release|Any CPU
		{8E8396DB-9532-4179-991B-B1309E0B0F1E}.Release|x86.ActiveCfg = Release|Any CPU
		{8E8396DB-9532-4179-991B-B1309E0B0F1E}.Release|x86.Build.0 = Release|Any CPU
		{27707227-D034-416E-A875-E3A5A156C25E}.Debug|Any CPU.ActiveCfg = Debug|Any CPU
		{27707227-D034-416E-A875-E3A5A156C25E}.Debug|Any CPU.Build.0 = Debug|Any CPU
		{27707227-D034-416E-A875-E3A5A156C25E}.Debug|x64.ActiveCfg = Debug|Any CPU
		{27707227-D034-416E-A875-E3A5A156C25E}.Debug|x64.Build.0 = Debug|Any CPU
		{27707227-D034-416E-A875-E3A5A156C25E}.Debug|x86.ActiveCfg = Debug|Any CPU
		{27707227-D034-416E-A875-E3A5A156C25E}.Debug|x86.Build.0 = Debug|Any CPU
		{27707227-D034-416E-A875-E3A5A156C25E}.Release|Any CPU.ActiveCfg = Release|Any CPU
		{27707227-D034-416E-A875-E3A5A156C25E}.Release|Any CPU.Build.0 = Release|Any CPU
		{27707227-D034-416E-A875-E3A5A156C25E}.Release|x64.ActiveCfg = Release|Any CPU
		{27707227-D034-416E-A875-E3A5A156C25E}.Release|x64.Build.0 = Release|Any CPU
		{27707227-D034-416E-A875-E3A5A156C25E}.Release|x86.ActiveCfg = Release|Any CPU
		{27707227-D034-416E-A875-E3A5A156C25E}.Release|x86.Build.0 = Release|Any CPU
		{CBED56E8-8C2B-42A2-93B8-6D2E1C9ABA52}.Debug|Any CPU.ActiveCfg = Debug|Any CPU
		{CBED56E8-8C2B-42A2-93B8-6D2E1C9ABA52}.Debug|Any CPU.Build.0 = Debug|Any CPU
		{CBED56E8-8C2B-42A2-93B8-6D2E1C9ABA52}.Debug|x64.ActiveCfg = Debug|Any CPU
		{CBED56E8-8C2B-42A2-93B8-6D2E1C9ABA52}.Debug|x64.Build.0 = Debug|Any CPU
		{CBED56E8-8C2B-42A2-93B8-6D2E1C9ABA52}.Debug|x86.ActiveCfg = Debug|Any CPU
		{CBED56E8-8C2B-42A2-93B8-6D2E1C9ABA52}.Debug|x86.Build.0 = Debug|Any CPU
		{CBED56E8-8C2B-42A2-93B8-6D2E1C9ABA52}.Release|Any CPU.ActiveCfg = Release|Any CPU
		{CBED56E8-8C2B-42A2-93B8-6D2E1C9ABA52}.Release|Any CPU.Build.0 = Release|Any CPU
		{CBED56E8-8C2B-42A2-93B8-6D2E1C9ABA52}.Release|x64.ActiveCfg = Release|Any CPU
		{CBED56E8-8C2B-42A2-93B8-6D2E1C9ABA52}.Release|x64.Build.0 = Release|Any CPU
		{CBED56E8-8C2B-42A2-93B8-6D2E1C9ABA52}.Release|x86.ActiveCfg = Release|Any CPU
		{CBED56E8-8C2B-42A2-93B8-6D2E1C9ABA52}.Release|x86.Build.0 = Release|Any CPU
		{E902499F-2BCD-473E-8FC1-1EAD412AEFFF}.Debug|Any CPU.ActiveCfg = Debug|Any CPU
		{E902499F-2BCD-473E-8FC1-1EAD412AEFFF}.Debug|Any CPU.Build.0 = Debug|Any CPU
		{E902499F-2BCD-473E-8FC1-1EAD412AEFFF}.Debug|x64.ActiveCfg = Debug|Any CPU
		{E902499F-2BCD-473E-8FC1-1EAD412AEFFF}.Debug|x64.Build.0 = Debug|Any CPU
		{E902499F-2BCD-473E-8FC1-1EAD412AEFFF}.Debug|x86.ActiveCfg = Debug|Any CPU
		{E902499F-2BCD-473E-8FC1-1EAD412AEFFF}.Debug|x86.Build.0 = Debug|Any CPU
		{E902499F-2BCD-473E-8FC1-1EAD412AEFFF}.Release|Any CPU.ActiveCfg = Release|Any CPU
		{E902499F-2BCD-473E-8FC1-1EAD412AEFFF}.Release|Any CPU.Build.0 = Release|Any CPU
		{E902499F-2BCD-473E-8FC1-1EAD412AEFFF}.Release|x64.ActiveCfg = Release|Any CPU
		{E902499F-2BCD-473E-8FC1-1EAD412AEFFF}.Release|x64.Build.0 = Release|Any CPU
		{E902499F-2BCD-473E-8FC1-1EAD412AEFFF}.Release|x86.ActiveCfg = Release|Any CPU
		{E902499F-2BCD-473E-8FC1-1EAD412AEFFF}.Release|x86.Build.0 = Release|Any CPU
	EndGlobalSection
	GlobalSection(SolutionProperties) = preSolution
		HideSolutionNode = FALSE
	EndGlobalSection
	GlobalSection(NestedProjects) = preSolution
		{402DE788-017D-4332-AA98-F74B8D6ED615} = {827E0CD3-B72D-47B6-A68D-7590B98EB39B}
		{B224DF18-67AD-40F6-B37E-753D88D9D0EC} = {827E0CD3-B72D-47B6-A68D-7590B98EB39B}
		{41CD305E-675C-4542-A7C1-C2CA30064D34} = {827E0CD3-B72D-47B6-A68D-7590B98EB39B}
		{8E8396DB-9532-4179-991B-B1309E0B0F1E} = {827E0CD3-B72D-47B6-A68D-7590B98EB39B}
		{27707227-D034-416E-A875-E3A5A156C25E} = {827E0CD3-B72D-47B6-A68D-7590B98EB39B}
		{CBED56E8-8C2B-42A2-93B8-6D2E1C9ABA52} = {0AB3BF05-4346-4AA6-1389-037BE0695223}
		{E902499F-2BCD-473E-8FC1-1EAD412AEFFF} = {0AB3BF05-4346-4AA6-1389-037BE0695223}
	EndGlobalSection
EndGlobal
